
Microsoft Visual Studio Solution File, Format Version 12.00
# Visual Studio Version 16
VisualStudioVersion = 16.0.30204.135
MinimumVisualStudioVersion = 10.0.40219.1
Project("{FAE04EC0-301F-11D3-BF4B-00C04F79EFBC}") = "StoryHub.BL", "StoryHub.BL\StoryHub.BL.csproj", "{FF7BCD31-1000-4AA0-BCB5-FC8CB733A8C7}"
EndProject
Project("{FAE04EC0-301F-11D3-BF4B-00C04F79EFBC}") = "StoryHub.WebUI", "StoryHub.WebUI\StoryHub.WebUI.csproj", "{F6F259A1-521F-4B8B-A3B5-C5A57999EB0D}"
EndProject
Project("{FAE04EC0-301F-11D3-BF4B-00C04F79EFBC}") = "StoryHub.Tests", "StoryHub.Tests\StoryHub.Tests.csproj", "{E3E32164-6BDC-4E08-86C6-8D181A40702F}"
EndProject
Global
	GlobalSection(SolutionConfigurationPlatforms) = preSolution
		Debug|Any CPU = Debug|Any CPU
		Release|Any CPU = Release|Any CPU
	EndGlobalSection
	GlobalSection(ProjectConfigurationPlatforms) = postSolution
		{FF7BCD31-1000-4AA0-BCB5-FC8CB733A8C7}.Debug|Any CPU.ActiveCfg = Debug|Any CPU
		{FF7BCD31-1000-4AA0-BCB5-FC8CB733A8C7}.Debug|Any CPU.Build.0 = Debug|Any CPU
		{FF7BCD31-1000-4AA0-BCB5-FC8CB733A8C7}.Release|Any CPU.ActiveCfg = Release|Any CPU
		{FF7BCD31-1000-4AA0-BCB5-FC8CB733A8C7}.Release|Any CPU.Build.0 = Release|Any CPU
		{F6F259A1-521F-4B8B-A3B5-C5A57999EB0D}.Debug|Any CPU.ActiveCfg = Debug|Any CPU
		{F6F259A1-521F-4B8B-A3B5-C5A57999EB0D}.Debug|Any CPU.Build.0 = Debug|Any CPU
		{F6F259A1-521F-4B8B-A3B5-C5A57999EB0D}.Release|Any CPU.ActiveCfg = Release|Any CPU
		{F6F259A1-521F-4B8B-A3B5-C5A57999EB0D}.Release|Any CPU.Build.0 = Release|Any CPU
		{E3E32164-6BDC-4E08-86C6-8D181A40702F}.Debug|Any CPU.ActiveCfg = Debug|Any CPU
		{E3E32164-6BDC-4E08-86C6-8D181A40702F}.Debug|Any CPU.Build.0 = Debug|Any CPU
		{E3E32164-6BDC-4E08-86C6-8D181A40702F}.Release|Any CPU.ActiveCfg = Release|Any CPU
		{E3E32164-6BDC-4E08-86C6-8D181A40702F}.Release|Any CPU.Build.0 = Release|Any CPU
	EndGlobalSection
	GlobalSection(SolutionProperties) = preSolution
		HideSolutionNode = FALSE
	EndGlobalSection
	GlobalSection(ExtensibilityGlobals) = postSolution
		SolutionGuid = {7BF66C08-F304-44BD-ADE9-C22879123E48}
	EndGlobalSection
EndGlobal
